
Microsoft Visual Studio Solution File, Format Version 12.00
# Visual Studio Version 17
VisualStudioVersion = 17.0.32014.148
MinimumVisualStudioVersion = 10.0.40219.1
Project("{9A19103F-16F7-4668-BE54-9A1E7A4F7556}") = "Wordle.Server", "Wordle\Server\Wordle.Server.csproj", "{0C09B867-B477-47C8-BA5F-4C8A6D2C58D2}"
EndProject
Project("{9A19103F-16F7-4668-BE54-9A1E7A4F7556}") = "Wordle.Client", "Wordle\Client\Wordle.Client.csproj", "{FF972018-B39C-446B-80C2-61FE8C422FCD}"
EndProject
Project("{9A19103F-16F7-4668-BE54-9A1E7A4F7556}") = "Wordle.Shared", "Wordle\Shared\Wordle.Shared.csproj", "{774B936A-0C29-4198-8498-BE4C4FE03179}"
EndProject
Global
	GlobalSection(SolutionConfigurationPlatforms) = preSolution
		Debug|Any CPU = Debug|Any CPU
		Release|Any CPU = Release|Any CPU
	EndGlobalSection
	GlobalSection(ProjectConfigurationPlatforms) = postSolution
		{0C09B867-B477-47C8-BA5F-4C8A6D2C58D2}.Debug|Any CPU.ActiveCfg = Debug|Any CPU
		{0C09B867-B477-47C8-BA5F-4C8A6D2C58D2}.Debug|Any CPU.Build.0 = Debug|Any CPU
		{0C09B867-B477-47C8-BA5F-4C8A6D2C58D2}.Release|Any CPU.ActiveCfg = Release|Any CPU
		{0C09B867-B477-47C8-BA5F-4C8A6D2C58D2}.Release|Any CPU.Build.0 = Release|Any CPU
		{FF972018-B39C-446B-80C2-61FE8C422FCD}.Debug|Any CPU.ActiveCfg = Debug|Any CPU
		{FF972018-B39C-446B-80C2-61FE8C422FCD}.Debug|Any CPU.Build.0 = Debug|Any CPU
		{FF972018-B39C-446B-80C2-61FE8C422FCD}.Release|Any CPU.ActiveCfg = Release|Any CPU
		{FF972018-B39C-446B-80C2-61FE8C422FCD}.Release|Any CPU.Build.0 = Release|Any CPU
		{774B936A-0C29-4198-8498-BE4C4FE03179}.Debug|Any CPU.ActiveCfg = Debug|Any CPU
		{774B936A-0C29-4198-8498-BE4C4FE03179}.Debug|Any CPU.Build.0 = Debug|Any CPU
		{774B936A-0C29-4198-8498-BE4C4FE03179}.Release|Any CPU.ActiveCfg = Release|Any CPU
		{774B936A-0C29-4198-8498-BE4C4FE03179}.Release|Any CPU.Build.0 = Release|Any CPU
	EndGlobalSection
	GlobalSection(SolutionProperties) = preSolution
		HideSolutionNode = FALSE
	EndGlobalSection
	GlobalSection(ExtensibilityGlobals) = postSolution
		SolutionGuid = {66780C2D-FB9D-48C2-88BF-7F35EFA4902C}
	EndGlobalSection
EndGlobal
